
Microsoft Visual Studio Solution File, Format Version 12.00
Project("{FAE04EC0-301F-11D3-BF4B-00C04F79EFBC}") = "ParserConsole", "ParserConsole\ParserConsole.csproj", "{FAAF6B95-ED50-4E2C-BC31-A329598ABE1B}"
EndProject
Project("{FAE04EC0-301F-11D3-BF4B-00C04F79EFBC}") = "Tests", "Tests\Tests.csproj", "{DD412453-A22C-41AA-BC9E-B729F1967CA4}"
EndProject
Project("{2150E333-8FDC-42A3-9474-1A3956D46DE8}") = "Solution Items", "Solution Items", "{B404D414-C4C9-4B89-B2A3-230E36F3F571}"
	ProjectSection(SolutionItems) = preProject
		docker-compose.yaml = docker-compose.yaml
		.gitignore = .gitignore
		.env = .env
	EndProjectSection
EndProject
Project("{FAE04EC0-301F-11D3-BF4B-00C04F79EFBC}") = "BashOperaBot", "BashOperaBot\BashOperaBot.csproj", "{768B347A-63CC-401B-BB4B-957D0648D421}"
EndProject
Project("{2150E333-8FDC-42A3-9474-1A3956D46DE8}") = "Bot", "Bot", "{1A6933C1-CA21-48AE-9BD6-7254A3CE55B9}"
EndProject
Global
	GlobalSection(SolutionConfigurationPlatforms) = preSolution
		Debug|Any CPU = Debug|Any CPU
		Release|Any CPU = Release|Any CPU
	EndGlobalSection
	GlobalSection(ProjectConfigurationPlatforms) = postSolution
		{FAAF6B95-ED50-4E2C-BC31-A329598ABE1B}.Debug|Any CPU.ActiveCfg = Debug|Any CPU
		{FAAF6B95-ED50-4E2C-BC31-A329598ABE1B}.Debug|Any CPU.Build.0 = Debug|Any CPU
		{FAAF6B95-ED50-4E2C-BC31-A329598ABE1B}.Release|Any CPU.ActiveCfg = Release|Any CPU
		{FAAF6B95-ED50-4E2C-BC31-A329598ABE1B}.Release|Any CPU.Build.0 = Release|Any CPU
		{DD412453-A22C-41AA-BC9E-B729F1967CA4}.Debug|Any CPU.ActiveCfg = Debug|Any CPU
		{DD412453-A22C-41AA-BC9E-B729F1967CA4}.Debug|Any CPU.Build.0 = Debug|Any CPU
		{DD412453-A22C-41AA-BC9E-B729F1967CA4}.Release|Any CPU.ActiveCfg = Release|Any CPU
		{DD412453-A22C-41AA-BC9E-B729F1967CA4}.Release|Any CPU.Build.0 = Release|Any CPU
		{768B347A-63CC-401B-BB4B-957D0648D421}.Debug|Any CPU.ActiveCfg = Debug|Any CPU
		{768B347A-63CC-401B-BB4B-957D0648D421}.Debug|Any CPU.Build.0 = Debug|Any CPU
		{768B347A-63CC-401B-BB4B-957D0648D421}.Release|Any CPU.ActiveCfg = Release|Any CPU
		{768B347A-63CC-401B-BB4B-957D0648D421}.Release|Any CPU.Build.0 = Release|Any CPU
	EndGlobalSection
	GlobalSection(NestedProjects) = preSolution
		{768B347A-63CC-401B-BB4B-957D0648D421} = {1A6933C1-CA21-48AE-9BD6-7254A3CE55B9}
	EndGlobalSection
EndGlobal
