
Microsoft Visual Studio Solution File, Format Version 12.00
Project("{FAE04EC0-301F-11D3-BF4B-00C04F79EFBC}") = "ParserConsole", "ParserConsole\ParserConsole.csproj", "{FAAF6B95-ED50-4E2C-BC31-A329598ABE1B}"
EndProject
Project("{FAE04EC0-301F-11D3-BF4B-00C04F79EFBC}") = "Tests", "Tests\Tests.csproj", "{DD412453-A22C-41AA-BC9E-B729F1967CA4}"
EndProject
Global
	GlobalSection(SolutionConfigurationPlatforms) = preSolution
		Debug|Any CPU = Debug|Any CPU
		Release|Any CPU = Release|Any CPU
	EndGlobalSection
	GlobalSection(ProjectConfigurationPlatforms) = postSolution
		{FAAF6B95-ED50-4E2C-BC31-A329598ABE1B}.Debug|Any CPU.ActiveCfg = Debug|Any CPU
		{FAAF6B95-ED50-4E2C-BC31-A329598ABE1B}.Debug|Any CPU.Build.0 = Debug|Any CPU
		{FAAF6B95-ED50-4E2C-BC31-A329598ABE1B}.Release|Any CPU.ActiveCfg = Release|Any CPU
		{FAAF6B95-ED50-4E2C-BC31-A329598ABE1B}.Release|Any CPU.Build.0 = Release|Any CPU
		{DD412453-A22C-41AA-BC9E-B729F1967CA4}.Debug|Any CPU.ActiveCfg = Debug|Any CPU
		{DD412453-A22C-41AA-BC9E-B729F1967CA4}.Debug|Any CPU.Build.0 = Debug|Any CPU
		{DD412453-A22C-41AA-BC9E-B729F1967CA4}.Release|Any CPU.ActiveCfg = Release|Any CPU
		{DD412453-A22C-41AA-BC9E-B729F1967CA4}.Release|Any CPU.Build.0 = Release|Any CPU
	EndGlobalSection
EndGlobal
